
Microsoft Visual Studio Solution File, Format Version 12.00
# Visual Studio Version 17
VisualStudioVersion = 17.7.34031.279
MinimumVisualStudioVersion = 10.0.40219.1
Project("{FAE04EC0-301F-11D3-BF4B-00C04F79EFBC}") = "CarProjectServer", "CarProjectServer\CarProjectServer.csproj", "{EB15A92E-F0D8-43F9-BCCA-439D11CDA70F}"
EndProject
Global
	GlobalSection(SolutionConfigurationPlatforms) = preSolution
		Debug|Any CPU = Debug|Any CPU
		Release|Any CPU = Release|Any CPU
	EndGlobalSection
	GlobalSection(ProjectConfigurationPlatforms) = postSolution
		{EB15A92E-F0D8-43F9-BCCA-439D11CDA70F}.Debug|Any CPU.ActiveCfg = Debug|Any CPU
		{EB15A92E-F0D8-43F9-BCCA-439D11CDA70F}.Debug|Any CPU.Build.0 = Debug|Any CPU
		{EB15A92E-F0D8-43F9-BCCA-439D11CDA70F}.Release|Any CPU.ActiveCfg = Release|Any CPU
		{EB15A92E-F0D8-43F9-BCCA-439D11CDA70F}.Release|Any CPU.Build.0 = Release|Any CPU
	EndGlobalSection
	GlobalSection(SolutionProperties) = preSolution
		HideSolutionNode = FALSE
	EndGlobalSection
	GlobalSection(ExtensibilityGlobals) = postSolution
		SolutionGuid = {617A23F5-9F8C-4EC4-9DCB-0D164A904EA2}
	EndGlobalSection
EndGlobal
